# This file is autogenerated, do not edit; changes may be undone by the next 'dep ensure'.


[[projects]]
  digest = "1:cf31692c14422fa27c83a05292eb5cbe0fb2775972e8f1f8446a71549bd8980b"
  name = "github.com/pkg/errors"
  packages = ["."]
  pruneopts = "UT"
  revision = "ba968bfe8b2f7e042a574c888954fccecfa385b4"
  version = "v0.8.1"

[[projects]]
  digest = "1:c1b1102241e7f645bc8e0c22ae352e8f0dc6484b6cb4d132fa9f24174e0119e2"
  name = "github.com/spf13/pflag"
  packages = ["."]
  pruneopts = "UT"
  revision = "298182f68c66c05229eb03ac171abe6e309ee79a"
  version = "v1.0.3"

[[projects]]
  digest = "1:b936b904b1cfa23889f61635efcbc2ef3ea600c864378db0b164c29ff1cd762b"
  name = "golift.io/ffmpeg"
  packages = ["."]
  pruneopts = "UT"
  revision = "82a404c8777fe9ac6fcb0d73cc4e489321a63fe4"
  version = "v1.0.0"

[[projects]]
  digest = "1:2b77b61626c18da0dfac4bbe9ad4972dc3fa2dc132c1509b816ab6eedb9bf22a"
  name = "golift.io/securityspy"
  packages = ["."]
  pruneopts = "UT"
  revision = "f5638de9d7ab89e8e5e9be67a48e86a6ed276c41"
  version = "v2.0.0"

[solve-meta]
  analyzer-name = "dep"
  analyzer-version = 1
  input-imports = [
    "github.com/spf13/pflag",
    "golift.io/securityspy",
  ]
  solver-name = "gps-cdcl"
  solver-version = 1
